
Microsoft Visual Studio Solution File, Format Version 12.00
# Visual Studio Version 18
VisualStudioVersion = 18.0.11123.170
MinimumVisualStudioVersion = 10.0.40219.1
Project("{FAE04EC0-301F-11D3-BF4B-00C04F79EFBC}") = "ProtocolFramework", "ProtocolFramework\ProtocolFramework.csproj", "{5CEB39DB-C24C-4E93-8755-7D86F0F747A5}"
EndProject
Project("{FAE04EC0-301F-11D3-BF4B-00C04F79EFBC}") = "MachiCoroUI", "MachiCoroUI\MachiCoroUI.csproj", "{78022C9F-F74D-4E05-9292-4D4624C88DED}"
EndProject
Project("{FAE04EC0-301F-11D3-BF4B-00C04F79EFBC}") = "Server", "Server\Server.csproj", "{3461765F-60A1-21BC-764E-FC799869FE2F}"
EndProject
Project("{FAE04EC0-301F-11D3-BF4B-00C04F79EFBC}") = "Shared", "Shared\Shared.csproj", "{22F72E50-B86A-48A6-4252-6FDC98C636E8}"
EndProject
Project("{FAE04EC0-301F-11D3-BF4B-00C04F79EFBC}") = "Game", "Game\Game.csproj", "{B5CC20C1-26F2-4C99-AB70-9E706F1A848E}"
EndProject
Global
	GlobalSection(SolutionConfigurationPlatforms) = preSolution
		Debug|Any CPU = Debug|Any CPU
		Release|Any CPU = Release|Any CPU
	EndGlobalSection
	GlobalSection(ProjectConfigurationPlatforms) = postSolution
		{5CEB39DB-C24C-4E93-8755-7D86F0F747A5}.Debug|Any CPU.ActiveCfg = Debug|Any CPU
		{5CEB39DB-C24C-4E93-8755-7D86F0F747A5}.Debug|Any CPU.Build.0 = Debug|Any CPU
		{5CEB39DB-C24C-4E93-8755-7D86F0F747A5}.Release|Any CPU.ActiveCfg = Release|Any CPU
		{5CEB39DB-C24C-4E93-8755-7D86F0F747A5}.Release|Any CPU.Build.0 = Release|Any CPU
		{78022C9F-F74D-4E05-9292-4D4624C88DED}.Debug|Any CPU.ActiveCfg = Debug|Any CPU
		{78022C9F-F74D-4E05-9292-4D4624C88DED}.Debug|Any CPU.Build.0 = Debug|Any CPU
		{78022C9F-F74D-4E05-9292-4D4624C88DED}.Release|Any CPU.ActiveCfg = Release|Any CPU
		{78022C9F-F74D-4E05-9292-4D4624C88DED}.Release|Any CPU.Build.0 = Release|Any CPU
		{3461765F-60A1-21BC-764E-FC799869FE2F}.Debug|Any CPU.ActiveCfg = Debug|Any CPU
		{3461765F-60A1-21BC-764E-FC799869FE2F}.Debug|Any CPU.Build.0 = Debug|Any CPU
		{3461765F-60A1-21BC-764E-FC799869FE2F}.Release|Any CPU.ActiveCfg = Release|Any CPU
		{3461765F-60A1-21BC-764E-FC799869FE2F}.Release|Any CPU.Build.0 = Release|Any CPU
		{22F72E50-B86A-48A6-4252-6FDC98C636E8}.Debug|Any CPU.ActiveCfg = Debug|Any CPU
		{22F72E50-B86A-48A6-4252-6FDC98C636E8}.Debug|Any CPU.Build.0 = Debug|Any CPU
		{22F72E50-B86A-48A6-4252-6FDC98C636E8}.Release|Any CPU.ActiveCfg = Release|Any CPU
		{22F72E50-B86A-48A6-4252-6FDC98C636E8}.Release|Any CPU.Build.0 = Release|Any CPU
		{B5CC20C1-26F2-4C99-AB70-9E706F1A848E}.Debug|Any CPU.ActiveCfg = Debug|Any CPU
		{B5CC20C1-26F2-4C99-AB70-9E706F1A848E}.Debug|Any CPU.Build.0 = Debug|Any CPU
		{B5CC20C1-26F2-4C99-AB70-9E706F1A848E}.Release|Any CPU.ActiveCfg = Release|Any CPU
		{B5CC20C1-26F2-4C99-AB70-9E706F1A848E}.Release|Any CPU.Build.0 = Release|Any CPU
	EndGlobalSection
	GlobalSection(SolutionProperties) = preSolution
		HideSolutionNode = FALSE
	EndGlobalSection
	GlobalSection(ExtensibilityGlobals) = postSolution
		SolutionGuid = {D2577279-3083-4172-98C0-CFA070A7F626}
	EndGlobalSection
EndGlobal
